// !$*UTF8*$!
{
	archiveVersion = 1;
	classes = {
	};
	objectVersion = 46;
	objects = {

/* Begin PBXBuildFile section */
		6E26C8C116359F9700BA2033 /* EGOCache.m in Sources */ = {isa = PBXBuildFile; fileRef = 6E26C8B016359F9700BA2033 /* EGOCache.m */; };
		6E26C8C216359F9700BA2033 /* EGOImageButton.m in Sources */ = {isa = PBXBuildFile; fileRef = 6E26C8B316359F9700BA2033 /* EGOImageButton.m */; };
		6E26C8C316359F9700BA2033 /* EGOImageLoadConnection.m in Sources */ = {isa = PBXBuildFile; fileRef = 6E26C8B616359F9700BA2033 /* EGOImageLoadConnection.m */; };
		6E26C8C416359F9700BA2033 /* EGOImageLoader.m in Sources */ = {isa = PBXBuildFile; fileRef = 6E26C8B816359F9700BA2033 /* EGOImageLoader.m */; };
		6E26C8C516359F9700BA2033 /* EGOImageView.m in Sources */ = {isa = PBXBuildFile; fileRef = 6E26C8BB16359F9700BA2033 /* EGOImageView.m */; };
		6E26C8C616359F9700BA2033 /* ThumbnailCell.m in Sources */ = {isa = PBXBuildFile; fileRef = 6E26C8BD16359F9700BA2033 /* ThumbnailCell.m */; };
		6E26C8C716359F9700BA2033 /* ThumbnailList.m in Sources */ = {isa = PBXBuildFile; fileRef = 6E26C8BF16359F9700BA2033 /* ThumbnailList.m */; };
		6E9833731637FCE40016C279 /* EditModeView.m in Sources */ = {isa = PBXBuildFile; fileRef = 6E9833721637FCE40016C279 /* EditModeView.m */; };
		6E9833751637FD0C0016C279 /* EditModeView.xib in Resources */ = {isa = PBXBuildFile; fileRef = 6E9833741637FD0C0016C279 /* EditModeView.xib */; };
		6E9833771637FE110016C279 /* add.png in Resources */ = {isa = PBXBuildFile; fileRef = 6E9833761637FE110016C279 /* add.png */; };
		6E99883916382B1A001EA1BD /* reload_all_tabs.png in Resources */ = {isa = PBXBuildFile; fileRef = 6E99883816382B1A001EA1BD /* reload_all_tabs.png */; };
		6E99883D16383658001EA1BD /* thumbs_002138-glossy-black-3d-button-icon-media-media2-arrow-down.png in Resources */ = {isa = PBXBuildFile; fileRef = 6E99883C16383658001EA1BD /* thumbs_002138-glossy-black-3d-button-icon-media-media2-arrow-down.png */; };
		6E998840163837C7001EA1BD /* thumbs_001934-black-inlay-steel-square-icon-media-media2-arrow-down.png in Resources */ = {isa = PBXBuildFile; fileRef = 6E99883E163837C7001EA1BD /* thumbs_001934-black-inlay-steel-square-icon-media-media2-arrow-down.png */; };
		6E998841163837C7001EA1BD /* thumbs_001934-black-inlay-steel-square-icon-media-media2-arrow-down1.png in Resources */ = {isa = PBXBuildFile; fileRef = 6E99883F163837C7001EA1BD /* thumbs_001934-black-inlay-steel-square-icon-media-media2-arrow-down1.png */; };
		6EA4547B1630A87900505CAE /* UIKit.framework in Frameworks */ = {isa = PBXBuildFile; fileRef = 6EA4547A1630A87900505CAE /* UIKit.framework */; };
		6EA4547D1630A87900505CAE /* Foundation.framework in Frameworks */ = {isa = PBXBuildFile; fileRef = 6EA4547C1630A87900505CAE /* Foundation.framework */; };
		6EA4547F1630A87900505CAE /* CoreGraphics.framework in Frameworks */ = {isa = PBXBuildFile; fileRef = 6EA4547E1630A87900505CAE /* CoreGraphics.framework */; };
		6EA454851630A87900505CAE /* InfoPlist.strings in Resources */ = {isa = PBXBuildFile; fileRef = 6EA454831630A87900505CAE /* InfoPlist.strings */; };
		6EA454871630A87900505CAE /* main.m in Sources */ = {isa = PBXBuildFile; fileRef = 6EA454861630A87900505CAE /* main.m */; };
		6EA4548B1630A87900505CAE /* ThumbnailListAppDelegate.m in Sources */ = {isa = PBXBuildFile; fileRef = 6EA4548A1630A87900505CAE /* ThumbnailListAppDelegate.m */; };
		6EA4548D1630A87900505CAE /* Default.png in Resources */ = {isa = PBXBuildFile; fileRef = 6EA4548C1630A87900505CAE /* Default.png */; };
		6EA4548F1630A87900505CAE /* Default@2x.png in Resources */ = {isa = PBXBuildFile; fileRef = 6EA4548E1630A87900505CAE /* Default@2x.png */; };
		6EA454911630A87900505CAE /* Default-568h@2x.png in Resources */ = {isa = PBXBuildFile; fileRef = 6EA454901630A87900505CAE /* Default-568h@2x.png */; };
		6EA454941630A87900505CAE /* ThumbnailListViewController.m in Sources */ = {isa = PBXBuildFile; fileRef = 6EA454931630A87900505CAE /* ThumbnailListViewController.m */; };
		6EA454971630A87900505CAE /* ThumbnailListViewController_iPhone.xib in Resources */ = {isa = PBXBuildFile; fileRef = 6EA454951630A87900505CAE /* ThumbnailListViewController_iPhone.xib */; };
		6EA4549A1630A87900505CAE /* ThumbnailListViewController_iPad.xib in Resources */ = {isa = PBXBuildFile; fileRef = 6EA454981630A87900505CAE /* ThumbnailListViewController_iPad.xib */; };
		6EB81BE21636C8DA001E3834 /* arrow.png in Resources */ = {isa = PBXBuildFile; fileRef = 6EB81BE01636C8D9001E3834 /* arrow.png */; };
		6EB81BE31636C8DA001E3834 /* arrow1.png in Resources */ = {isa = PBXBuildFile; fileRef = 6EB81BE11636C8D9001E3834 /* arrow1.png */; };
		6EEF7C821630B14500C0C0BE /* alwatan7.png in Resources */ = {isa = PBXBuildFile; fileRef = 6EEF7C7A1630B14500C0C0BE /* alwatan7.png */; };
		6EEF7C831630B14500C0C0BE /* alwatan6.png in Resources */ = {isa = PBXBuildFile; fileRef = 6EEF7C7B1630B14500C0C0BE /* alwatan6.png */; };
		6EEF7C841630B14500C0C0BE /* alwatan5.png in Resources */ = {isa = PBXBuildFile; fileRef = 6EEF7C7C1630B14500C0C0BE /* alwatan5.png */; };
		6EEF7C851630B14500C0C0BE /* alwatan4.png in Resources */ = {isa = PBXBuildFile; fileRef = 6EEF7C7D1630B14500C0C0BE /* alwatan4.png */; };
		6EEF7C861630B14500C0C0BE /* alwatan3.png in Resources */ = {isa = PBXBuildFile; fileRef = 6EEF7C7E1630B14500C0C0BE /* alwatan3.png */; };
		6EEF7C871630B14500C0C0BE /* alwatan0.png in Resources */ = {isa = PBXBuildFile; fileRef = 6EEF7C7F1630B14500C0C0BE /* alwatan0.png */; };
		6EEF7C881630B14500C0C0BE /* alwatan2.png in Resources */ = {isa = PBXBuildFile; fileRef = 6EEF7C801630B14500C0C0BE /* alwatan2.png */; };
		6EEF7C891630B14500C0C0BE /* alwatan1.png in Resources */ = {isa = PBXBuildFile; fileRef = 6EEF7C811630B14500C0C0BE /* alwatan1.png */; };
/* End PBXBuildFile section */

/* Begin PBXFileReference section */
		6E26C8AF16359F9700BA2033 /* EGOCache.h */ = {isa = PBXFileReference; fileEncoding = 4; lastKnownFileType = sourcecode.c.h; path = EGOCache.h; sourceTree = "<group>"; };
		6E26C8B016359F9700BA2033 /* EGOCache.m */ = {isa = PBXFileReference; fileEncoding = 4; lastKnownFileType = sourcecode.c.objc; path = EGOCache.m; sourceTree = "<group>"; };
		6E26C8B216359F9700BA2033 /* EGOImageButton.h */ = {isa = PBXFileReference; fileEncoding = 4; lastKnownFileType = sourcecode.c.h; path = EGOImageButton.h; sourceTree = "<group>"; };
		6E26C8B316359F9700BA2033 /* EGOImageButton.m */ = {isa = PBXFileReference; fileEncoding = 4; lastKnownFileType = sourcecode.c.objc; path = EGOImageButton.m; sourceTree = "<group>"; };
		6E26C8B516359F9700BA2033 /* EGOImageLoadConnection.h */ = {isa = PBXFileReference; fileEncoding = 4; lastKnownFileType = sourcecode.c.h; path = EGOImageLoadConnection.h; sourceTree = "<group>"; };
		6E26C8B616359F9700BA2033 /* EGOImageLoadConnection.m */ = {isa = PBXFileReference; fileEncoding = 4; lastKnownFileType = sourcecode.c.objc; path = EGOImageLoadConnection.m; sourceTree = "<group>"; };
		6E26C8B716359F9700BA2033 /* EGOImageLoader.h */ = {isa = PBXFileReference; fileEncoding = 4; lastKnownFileType = sourcecode.c.h; path = EGOImageLoader.h; sourceTree = "<group>"; };
		6E26C8B816359F9700BA2033 /* EGOImageLoader.m */ = {isa = PBXFileReference; fileEncoding = 4; lastKnownFileType = sourcecode.c.objc; path = EGOImageLoader.m; sourceTree = "<group>"; };
		6E26C8BA16359F9700BA2033 /* EGOImageView.h */ = {isa = PBXFileReference; fileEncoding = 4; lastKnownFileType = sourcecode.c.h; path = EGOImageView.h; sourceTree = "<group>"; };
		6E26C8BB16359F9700BA2033 /* EGOImageView.m */ = {isa = PBXFileReference; fileEncoding = 4; lastKnownFileType = sourcecode.c.objc; path = EGOImageView.m; sourceTree = "<group>"; };
		6E26C8BC16359F9700BA2033 /* ThumbnailCell.h */ = {isa = PBXFileReference; fileEncoding = 4; lastKnownFileType = sourcecode.c.h; path = ThumbnailCell.h; sourceTree = "<group>"; };
		6E26C8BD16359F9700BA2033 /* ThumbnailCell.m */ = {isa = PBXFileReference; fileEncoding = 4; lastKnownFileType = sourcecode.c.objc; path = ThumbnailCell.m; sourceTree = "<group>"; };
		6E26C8BE16359F9700BA2033 /* ThumbnailList.h */ = {isa = PBXFileReference; fileEncoding = 4; lastKnownFileType = sourcecode.c.h; path = ThumbnailList.h; sourceTree = "<group>"; };
		6E26C8BF16359F9700BA2033 /* ThumbnailList.m */ = {isa = PBXFileReference; fileEncoding = 4; lastKnownFileType = sourcecode.c.objc; path = ThumbnailList.m; sourceTree = "<group>"; };
		6E26C8C016359F9700BA2033 /* ThumbnailListDataSourceDelegate.h */ = {isa = PBXFileReference; fileEncoding = 4; lastKnownFileType = sourcecode.c.h; path = ThumbnailListDataSourceDelegate.h; sourceTree = "<group>"; };
		6E9833711637FCE40016C279 /* EditModeView.h */ = {isa = PBXFileReference; fileEncoding = 4; lastKnownFileType = sourcecode.c.h; path = EditModeView.h; sourceTree = "<group>"; };
		6E9833721637FCE40016C279 /* EditModeView.m */ = {isa = PBXFileReference; fileEncoding = 4; lastKnownFileType = sourcecode.c.objc; path = EditModeView.m; sourceTree = "<group>"; };
		6E9833741637FD0C0016C279 /* EditModeView.xib */ = {isa = PBXFileReference; fileEncoding = 4; lastKnownFileType = file.xib; path = EditModeView.xib; sourceTree = "<group>"; };
		6E9833761637FE110016C279 /* add.png */ = {isa = PBXFileReference; lastKnownFileType = image.png; name = add.png; path = ../add.png; sourceTree = "<group>"; };
		6E99883816382B1A001EA1BD /* reload_all_tabs.png */ = {isa = PBXFileReference; lastKnownFileType = image.png; name = reload_all_tabs.png; path = ../reload_all_tabs.png; sourceTree = "<group>"; };
		6E99883B16382C7F001EA1BD /* EditModeDelegate.h */ = {isa = PBXFileReference; lastKnownFileType = sourcecode.c.h; path = EditModeDelegate.h; sourceTree = "<group>"; };
		6E99883C16383658001EA1BD /* thumbs_002138-glossy-black-3d-button-icon-media-media2-arrow-down.png */ = {isa = PBXFileReference; lastKnownFileType = image.png; name = "thumbs_002138-glossy-black-3d-button-icon-media-media2-arrow-down.png"; path = "../thumbs_002138-glossy-black-3d-button-icon-media-media2-arrow-down.png"; sourceTree = "<group>"; };
		6E99883E163837C7001EA1BD /* thumbs_001934-black-inlay-steel-square-icon-media-media2-arrow-down.png */ = {isa = PBXFileReference; lastKnownFileType = image.png; name = "thumbs_001934-black-inlay-steel-square-icon-media-media2-arrow-down.png"; path = "../thumbs_001934-black-inlay-steel-square-icon-media-media2-arrow-down.png"; sourceTree = "<group>"; };
		6E99883F163837C7001EA1BD /* thumbs_001934-black-inlay-steel-square-icon-media-media2-arrow-down1.png */ = {isa = PBXFileReference; lastKnownFileType = image.png; name = "thumbs_001934-black-inlay-steel-square-icon-media-media2-arrow-down1.png"; path = "../thumbs_001934-black-inlay-steel-square-icon-media-media2-arrow-down1.png"; sourceTree = "<group>"; };
		6EA454761630A87900505CAE /* ThumbnailListView.app */ = {isa = PBXFileReference; explicitFileType = wrapper.application; includeInIndex = 0; path = ThumbnailListView.app; sourceTree = BUILT_PRODUCTS_DIR; };
		6EA4547A1630A87900505CAE /* UIKit.framework */ = {isa = PBXFileReference; lastKnownFileType = wrapper.framework; name = UIKit.framework; path = System/Library/Frameworks/UIKit.framework; sourceTree = SDKROOT; };
		6EA4547C1630A87900505CAE /* Foundation.framework */ = {isa = PBXFileReference; lastKnownFileType = wrapper.framework; name = Foundation.framework; path = System/Library/Frameworks/Foundation.framework; sourceTree = SDKROOT; };
		6EA4547E1630A87900505CAE /* CoreGraphics.framework */ = {isa = PBXFileReference; lastKnownFileType = wrapper.framework; name = CoreGraphics.framework; path = System/Library/Frameworks/CoreGraphics.framework; sourceTree = SDKROOT; };
		6EA454821630A87900505CAE /* ThumbnailListView-Info.plist */ = {isa = PBXFileReference; lastKnownFileType = text.plist.xml; path = "ThumbnailListView-Info.plist"; sourceTree = "<group>"; };
		6EA454841630A87900505CAE /* en */ = {isa = PBXFileReference; lastKnownFileType = text.plist.strings; name = en; path = en.lproj/InfoPlist.strings; sourceTree = "<group>"; };
		6EA454861630A87900505CAE /* main.m */ = {isa = PBXFileReference; lastKnownFileType = sourcecode.c.objc; path = main.m; sourceTree = "<group>"; };
		6EA454881630A87900505CAE /* ThumbnailListView-Prefix.pch */ = {isa = PBXFileReference; lastKnownFileType = sourcecode.c.h; path = "ThumbnailListView-Prefix.pch"; sourceTree = "<group>"; };
		6EA454891630A87900505CAE /* ThumbnailListAppDelegate.h */ = {isa = PBXFileReference; lastKnownFileType = sourcecode.c.h; path = ThumbnailListAppDelegate.h; sourceTree = "<group>"; };
		6EA4548A1630A87900505CAE /* ThumbnailListAppDelegate.m */ = {isa = PBXFileReference; lastKnownFileType = sourcecode.c.objc; path = ThumbnailListAppDelegate.m; sourceTree = "<group>"; };
		6EA4548C1630A87900505CAE /* Default.png */ = {isa = PBXFileReference; lastKnownFileType = image.png; path = Default.png; sourceTree = "<group>"; };
		6EA4548E1630A87900505CAE /* Default@2x.png */ = {isa = PBXFileReference; lastKnownFileType = image.png; path = "Default@2x.png"; sourceTree = "<group>"; };
		6EA454901630A87900505CAE /* Default-568h@2x.png */ = {isa = PBXFileReference; lastKnownFileType = image.png; path = "Default-568h@2x.png"; sourceTree = "<group>"; };
		6EA454921630A87900505CAE /* ThumbnailListViewController.h */ = {isa = PBXFileReference; lastKnownFileType = sourcecode.c.h; path = ThumbnailListViewController.h; sourceTree = "<group>"; };
		6EA454931630A87900505CAE /* ThumbnailListViewController.m */ = {isa = PBXFileReference; lastKnownFileType = sourcecode.c.objc; path = ThumbnailListViewController.m; sourceTree = "<group>"; };
		6EA454961630A87900505CAE /* en */ = {isa = PBXFileReference; lastKnownFileType = file.xib; name = en; path = en.lproj/ThumbnailListViewController_iPhone.xib; sourceTree = "<group>"; };
		6EA454991630A87900505CAE /* en */ = {isa = PBXFileReference; lastKnownFileType = file.xib; name = en; path = en.lproj/ThumbnailListViewController_iPad.xib; sourceTree = "<group>"; };
		6EB81BE01636C8D9001E3834 /* arrow.png */ = {isa = PBXFileReference; lastKnownFileType = image.png; path = arrow.png; sourceTree = "<group>"; };
		6EB81BE11636C8D9001E3834 /* arrow1.png */ = {isa = PBXFileReference; lastKnownFileType = image.png; path = arrow1.png; sourceTree = "<group>"; };
		6EEF7C7A1630B14500C0C0BE /* alwatan7.png */ = {isa = PBXFileReference; lastKnownFileType = image.png; path = alwatan7.png; sourceTree = "<group>"; };
		6EEF7C7B1630B14500C0C0BE /* alwatan6.png */ = {isa = PBXFileReference; lastKnownFileType = image.png; path = alwatan6.png; sourceTree = "<group>"; };
		6EEF7C7C1630B14500C0C0BE /* alwatan5.png */ = {isa = PBXFileReference; lastKnownFileType = image.png; path = alwatan5.png; sourceTree = "<group>"; };
		6EEF7C7D1630B14500C0C0BE /* alwatan4.png */ = {isa = PBXFileReference; lastKnownFileType = image.png; path = alwatan4.png; sourceTree = "<group>"; };
		6EEF7C7E1630B14500C0C0BE /* alwatan3.png */ = {isa = PBXFileReference; lastKnownFileType = image.png; path = alwatan3.png; sourceTree = "<group>"; };
		6EEF7C7F1630B14500C0C0BE /* alwatan0.png */ = {isa = PBXFileReference; lastKnownFileType = image.png; path = alwatan0.png; sourceTree = "<group>"; };
		6EEF7C801630B14500C0C0BE /* alwatan2.png */ = {isa = PBXFileReference; lastKnownFileType = image.png; path = alwatan2.png; sourceTree = "<group>"; };
		6EEF7C811630B14500C0C0BE /* alwatan1.png */ = {isa = PBXFileReference; lastKnownFileType = image.png; path = alwatan1.png; sourceTree = "<group>"; };
/* End PBXFileReference section */

/* Begin PBXFrameworksBuildPhase section */
		6EA454731630A87900505CAE /* Frameworks */ = {
			isa = PBXFrameworksBuildPhase;
			buildActionMask = 2147483647;
			files = (
				6EA4547B1630A87900505CAE /* UIKit.framework in Frameworks */,
				6EA4547D1630A87900505CAE /* Foundation.framework in Frameworks */,
				6EA4547F1630A87900505CAE /* CoreGraphics.framework in Frameworks */,
			);
			runOnlyForDeploymentPostprocessing = 0;
		};
/* End PBXFrameworksBuildPhase section */

/* Begin PBXGroup section */
		6E26C8B116359F9700BA2033 /* EGOImageButton */ = {
			isa = PBXGroup;
			children = (
				6E26C8B216359F9700BA2033 /* EGOImageButton.h */,
				6E26C8B316359F9700BA2033 /* EGOImageButton.m */,
			);
			path = EGOImageButton;
			sourceTree = "<group>";
		};
		6E26C8B416359F9700BA2033 /* EGOImageLoader */ = {
			isa = PBXGroup;
			children = (
				6E26C8B516359F9700BA2033 /* EGOImageLoadConnection.h */,
				6E26C8B616359F9700BA2033 /* EGOImageLoadConnection.m */,
				6E26C8B716359F9700BA2033 /* EGOImageLoader.h */,
				6E26C8B816359F9700BA2033 /* EGOImageLoader.m */,
			);
			path = EGOImageLoader;
			sourceTree = "<group>";
		};
		6E26C8B916359F9700BA2033 /* EGOImageView */ = {
			isa = PBXGroup;
			children = (
				6E26C8BA16359F9700BA2033 /* EGOImageView.h */,
				6E26C8BB16359F9700BA2033 /* EGOImageView.m */,
			);
			path = EGOImageView;
			sourceTree = "<group>";
		};
		6E26C8C816359F9A00BA2033 /* ThumbnailList View */ = {
			isa = PBXGroup;
			children = (
				6E98336F1637FCB20016C279 /* EditModeView */,
				6E26C8AF16359F9700BA2033 /* EGOCache.h */,
				6E26C8B016359F9700BA2033 /* EGOCache.m */,
				6E26C8B116359F9700BA2033 /* EGOImageButton */,
				6E26C8B416359F9700BA2033 /* EGOImageLoader */,
				6E26C8B916359F9700BA2033 /* EGOImageView */,
				6E26C8BC16359F9700BA2033 /* ThumbnailCell.h */,
				6E26C8BD16359F9700BA2033 /* ThumbnailCell.m */,
				6E26C8BE16359F9700BA2033 /* ThumbnailList.h */,
				6E26C8BF16359F9700BA2033 /* ThumbnailList.m */,
				6E26C8C016359F9700BA2033 /* ThumbnailListDataSourceDelegate.h */,
			);
			name = "ThumbnailList View";
			sourceTree = "<group>";
		};
		6E98336F1637FCB20016C279 /* EditModeView */ = {
			isa = PBXGroup;
			children = (
				6E9833711637FCE40016C279 /* EditModeView.h */,
				6E9833721637FCE40016C279 /* EditModeView.m */,
				6E9833741637FD0C0016C279 /* EditModeView.xib */,
				6E99883B16382C7F001EA1BD /* EditModeDelegate.h */,
			);
			name = EditModeView;
			sourceTree = "<group>";
		};
		6E99884216384775001EA1BD /* Classes */ = {
			isa = PBXGroup;
			children = (
				6E26C8C816359F9A00BA2033 /* ThumbnailList View */,
			);
			name = Classes;
			sourceTree = "<group>";
		};
		6EA4546B1630A87900505CAE = {
			isa = PBXGroup;
			children = (
				6E99884216384775001EA1BD /* Classes */,
				6E99883E163837C7001EA1BD /* thumbs_001934-black-inlay-steel-square-icon-media-media2-arrow-down.png */,
				6E99883F163837C7001EA1BD /* thumbs_001934-black-inlay-steel-square-icon-media-media2-arrow-down1.png */,
				6E99883C16383658001EA1BD /* thumbs_002138-glossy-black-3d-button-icon-media-media2-arrow-down.png */,
				6E99883816382B1A001EA1BD /* reload_all_tabs.png */,
				6E9833761637FE110016C279 /* add.png */,
				6EB81BE01636C8D9001E3834 /* arrow.png */,
				6EB81BE11636C8D9001E3834 /* arrow1.png */,
				6EA454AA1630AAF400505CAE /* Images */,
				6EA454801630A87900505CAE /* ThumbnailListView */,
				6EA454791630A87900505CAE /* Frameworks */,
				6EA454771630A87900505CAE /* Products */,
			);
			sourceTree = "<group>";
		};
		6EA454771630A87900505CAE /* Products */ = {
			isa = PBXGroup;
			children = (
				6EA454761630A87900505CAE /* ThumbnailListView.app */,
			);
			name = Products;
			sourceTree = "<group>";
		};
		6EA454791630A87900505CAE /* Frameworks */ = {
			isa = PBXGroup;
			children = (
				6EA4547A1630A87900505CAE /* UIKit.framework */,
				6EA4547C1630A87900505CAE /* Foundation.framework */,
				6EA4547E1630A87900505CAE /* CoreGraphics.framework */,
			);
			name = Frameworks;
			sourceTree = "<group>";
		};
		6EA454801630A87900505CAE /* ThumbnailListView */ = {
			isa = PBXGroup;
			children = (
				6EA454891630A87900505CAE /* ThumbnailListAppDelegate.h */,
				6EA4548A1630A87900505CAE /* ThumbnailListAppDelegate.m */,
				6EA454921630A87900505CAE /* ThumbnailListViewController.h */,
				6EA454931630A87900505CAE /* ThumbnailListViewController.m */,
				6EA454951630A87900505CAE /* ThumbnailListViewController_iPhone.xib */,
				6EA454981630A87900505CAE /* ThumbnailListViewController_iPad.xib */,
				6EA454811630A87900505CAE /* Supporting Files */,
			);
			path = ThumbnailListView;
			sourceTree = "<group>";
		};
		6EA454811630A87900505CAE /* Supporting Files */ = {
			isa = PBXGroup;
			children = (
				6EA454821630A87900505CAE /* ThumbnailListView-Info.plist */,
				6EA454831630A87900505CAE /* InfoPlist.strings */,
				6EA454861630A87900505CAE /* main.m */,
				6EA454881630A87900505CAE /* ThumbnailListView-Prefix.pch */,
				6EA4548C1630A87900505CAE /* Default.png */,
				6EA4548E1630A87900505CAE /* Default@2x.png */,
				6EA454901630A87900505CAE /* Default-568h@2x.png */,
			);
			name = "Supporting Files";
			sourceTree = "<group>";
		};
		6EA454AA1630AAF400505CAE /* Images */ = {
			isa = PBXGroup;
			children = (
				6EEF7C7A1630B14500C0C0BE /* alwatan7.png */,
				6EEF7C7B1630B14500C0C0BE /* alwatan6.png */,
				6EEF7C7C1630B14500C0C0BE /* alwatan5.png */,
				6EEF7C7D1630B14500C0C0BE /* alwatan4.png */,
				6EEF7C7E1630B14500C0C0BE /* alwatan3.png */,
				6EEF7C7F1630B14500C0C0BE /* alwatan0.png */,
				6EEF7C801630B14500C0C0BE /* alwatan2.png */,
				6EEF7C811630B14500C0C0BE /* alwatan1.png */,
			);
			name = Images;
			sourceTree = "<group>";
		};
/* End PBXGroup section */

/* Begin PBXNativeTarget section */
		6EA454751630A87900505CAE /* ThumbnailListView */ = {
			isa = PBXNativeTarget;
			buildConfigurationList = 6EA4549D1630A87900505CAE /* Build configuration list for PBXNativeTarget "ThumbnailListView" */;
			buildPhases = (
				6EA454721630A87900505CAE /* Sources */,
				6EA454731630A87900505CAE /* Frameworks */,
				6EA454741630A87900505CAE /* Resources */,
			);
			buildRules = (
			);
			dependencies = (
			);
			name = ThumbnailListView;
			productName = ThumbnailListView;
			productReference = 6EA454761630A87900505CAE /* ThumbnailListView.app */;
			productType = "com.apple.product-type.application";
		};
/* End PBXNativeTarget section */

/* Begin PBXProject section */
		6EA4546D1630A87900505CAE /* Project object */ = {
			isa = PBXProject;
			attributes = {
				CLASSPREFIX = ThumbnailList;
				LastUpgradeCheck = 0450;
				ORGANIZATIONNAME = "Mohammed Eldehairy";
			};
			buildConfigurationList = 6EA454701630A87900505CAE /* Build configuration list for PBXProject "ThumbnailListView" */;
			compatibilityVersion = "Xcode 3.2";
			developmentRegion = English;
			hasScannedForEncodings = 0;
			knownRegions = (
				en,
			);
			mainGroup = 6EA4546B1630A87900505CAE;
			productRefGroup = 6EA454771630A87900505CAE /* Products */;
			projectDirPath = "";
			projectRoot = "";
			targets = (
				6EA454751630A87900505CAE /* ThumbnailListView */,
			);
		};
/* End PBXProject section */

/* Begin PBXResourcesBuildPhase section */
		6EA454741630A87900505CAE /* Resources */ = {
			isa = PBXResourcesBuildPhase;
			buildActionMask = 2147483647;
			files = (
				6EA454851630A87900505CAE /* InfoPlist.strings in Resources */,
				6EA4548D1630A87900505CAE /* Default.png in Resources */,
				6EA4548F1630A87900505CAE /* Default@2x.png in Resources */,
				6EA454911630A87900505CAE /* Default-568h@2x.png in Resources */,
				6EA454971630A87900505CAE /* ThumbnailListViewController_iPhone.xib in Resources */,
				6EA4549A1630A87900505CAE /* ThumbnailListViewController_iPad.xib in Resources */,
				6EEF7C821630B14500C0C0BE /* alwatan7.png in Resources */,
				6EEF7C831630B14500C0C0BE /* alwatan6.png in Resources */,
				6EEF7C841630B14500C0C0BE /* alwatan5.png in Resources */,
				6EEF7C851630B14500C0C0BE /* alwatan4.png in Resources */,
				6EEF7C861630B14500C0C0BE /* alwatan3.png in Resources */,
				6EEF7C871630B14500C0C0BE /* alwatan0.png in Resources */,
				6EEF7C881630B14500C0C0BE /* alwatan2.png in Resources */,
				6EEF7C891630B14500C0C0BE /* alwatan1.png in Resources */,
				6EB81BE21636C8DA001E3834 /* arrow.png in Resources */,
				6EB81BE31636C8DA001E3834 /* arrow1.png in Resources */,
				6E9833751637FD0C0016C279 /* EditModeView.xib in Resources */,
				6E9833771637FE110016C279 /* add.png in Resources */,
				6E99883916382B1A001EA1BD /* reload_all_tabs.png in Resources */,
				6E99883D16383658001EA1BD /* thumbs_002138-glossy-black-3d-button-icon-media-media2-arrow-down.png in Resources */,
				6E998840163837C7001EA1BD /* thumbs_001934-black-inlay-steel-square-icon-media-media2-arrow-down.png in Resources */,
				6E998841163837C7001EA1BD /* thumbs_001934-black-inlay-steel-square-icon-media-media2-arrow-down1.png in Resources */,
			);
			runOnlyForDeploymentPostprocessing = 0;
		};
/* End PBXResourcesBuildPhase section */

/* Begin PBXSourcesBuildPhase section */
		6EA454721630A87900505CAE /* Sources */ = {
			isa = PBXSourcesBuildPhase;
			buildActionMask = 2147483647;
			files = (
				6EA454871630A87900505CAE /* main.m in Sources */,
				6EA4548B1630A87900505CAE /* ThumbnailListAppDelegate.m in Sources */,
				6EA454941630A87900505CAE /* ThumbnailListViewController.m in Sources */,
				6E26C8C116359F9700BA2033 /* EGOCache.m in Sources */,
				6E26C8C216359F9700BA2033 /* EGOImageButton.m in Sources */,
				6E26C8C316359F9700BA2033 /* EGOImageLoadConnection.m in Sources */,
				6E26C8C416359F9700BA2033 /* EGOImageLoader.m in Sources */,
				6E26C8C516359F9700BA2033 /* EGOImageView.m in Sources */,
				6E26C8C616359F9700BA2033 /* ThumbnailCell.m in Sources */,
				6E26C8C716359F9700BA2033 /* ThumbnailList.m in Sources */,
				6E9833731637FCE40016C279 /* EditModeView.m in Sources */,
			);
			runOnlyForDeploymentPostprocessing = 0;
		};
/* End PBXSourcesBuildPhase section */

/* Begin PBXVariantGroup section */
		6EA454831630A87900505CAE /* InfoPlist.strings */ = {
			isa = PBXVariantGroup;
			children = (
				6EA454841630A87900505CAE /* en */,
			);
			name = InfoPlist.strings;
			sourceTree = "<group>";
		};
		6EA454951630A87900505CAE /* ThumbnailListViewController_iPhone.xib */ = {
			isa = PBXVariantGroup;
			children = (
				6EA454961630A87900505CAE /* en */,
			);
			name = ThumbnailListViewController_iPhone.xib;
			sourceTree = "<group>";
		};
		6EA454981630A87900505CAE /* ThumbnailListViewController_iPad.xib */ = {
			isa = PBXVariantGroup;
			children = (
				6EA454991630A87900505CAE /* en */,
			);
			name = ThumbnailListViewController_iPad.xib;
			sourceTree = "<group>";
		};
/* End PBXVariantGroup section */

/* Begin XCBuildConfiguration section */
		6EA4549B1630A87900505CAE /* Debug */ = {
			isa = XCBuildConfiguration;
			buildSettings = {
				ALWAYS_SEARCH_USER_PATHS = NO;
				CLANG_CXX_LANGUAGE_STANDARD = "gnu++0x";
				CLANG_CXX_LIBRARY = "libc++";
				CLANG_WARN_EMPTY_BODY = YES;
				CLANG_WARN__DUPLICATE_METHOD_MATCH = YES;
				"CODE_SIGN_IDENTITY[sdk=iphoneos*]" = "iPhone Developer";
				COPY_PHASE_STRIP = NO;
				GCC_C_LANGUAGE_STANDARD = gnu99;
				GCC_DYNAMIC_NO_PIC = NO;
				GCC_OPTIMIZATION_LEVEL = 0;
				GCC_PREPROCESSOR_DEFINITIONS = (
					"DEBUG=1",
					"$(inherited)",
				);
				GCC_SYMBOLS_PRIVATE_EXTERN = NO;
				GCC_WARN_ABOUT_RETURN_TYPE = YES;
				GCC_WARN_UNINITIALIZED_AUTOS = YES;
				GCC_WARN_UNUSED_VARIABLE = YES;
				IPHONEOS_DEPLOYMENT_TARGET = 6.0;
				ONLY_ACTIVE_ARCH = YES;
				SDKROOT = iphoneos;
				TARGETED_DEVICE_FAMILY = "1,2";
			};
			name = Debug;
		};
		6EA4549C1630A87900505CAE /* Release */ = {
			isa = XCBuildConfiguration;
			buildSettings = {
				ALWAYS_SEARCH_USER_PATHS = NO;
				CLANG_CXX_LANGUAGE_STANDARD = "gnu++0x";
				CLANG_CXX_LIBRARY = "libc++";
				CLANG_WARN_EMPTY_BODY = YES;
				CLANG_WARN__DUPLICATE_METHOD_MATCH = YES;
				"CODE_SIGN_IDENTITY[sdk=iphoneos*]" = "iPhone Developer";
				COPY_PHASE_STRIP = YES;
				GCC_C_LANGUAGE_STANDARD = gnu99;
				GCC_WARN_ABOUT_RETURN_TYPE = YES;
				GCC_WARN_UNINITIALIZED_AUTOS = YES;
				GCC_WARN_UNUSED_VARIABLE = YES;
				IPHONEOS_DEPLOYMENT_TARGET = 6.0;
				OTHER_CFLAGS = "-DNS_BLOCK_ASSERTIONS=1";
				SDKROOT = iphoneos;
				TARGETED_DEVICE_FAMILY = "1,2";
				VALIDATE_PRODUCT = YES;
			};
			name = Release;
		};
		6EA4549E1630A87900505CAE /* Debug */ = {
			isa = XCBuildConfiguration;
			buildSettings = {
				GCC_PRECOMPILE_PREFIX_HEADER = YES;
				GCC_PREFIX_HEADER = "ThumbnailListView/ThumbnailListView-Prefix.pch";
				INFOPLIST_FILE = "ThumbnailListView/ThumbnailListView-Info.plist";
				PRODUCT_NAME = "$(TARGET_NAME)";
				WRAPPER_EXTENSION = app;
			};
			name = Debug;
		};
		6EA4549F1630A87900505CAE /* Release */ = {
			isa = XCBuildConfiguration;
			buildSettings = {
				GCC_PRECOMPILE_PREFIX_HEADER = YES;
				GCC_PREFIX_HEADER = "ThumbnailListView/ThumbnailListView-Prefix.pch";
				INFOPLIST_FILE = "ThumbnailListView/ThumbnailListView-Info.plist";
				PRODUCT_NAME = "$(TARGET_NAME)";
				WRAPPER_EXTENSION = app;
			};
			name = Release;
		};
/* End XCBuildConfiguration section */

/* Begin XCConfigurationList section */
		6EA454701630A87900505CAE /* Build configuration list for PBXProject "ThumbnailListView" */ = {
			isa = XCConfigurationList;
			buildConfigurations = (
				6EA4549B1630A87900505CAE /* Debug */,
				6EA4549C1630A87900505CAE /* Release */,
			);
			defaultConfigurationIsVisible = 0;
			defaultConfigurationName = Release;
		};
		6EA4549D1630A87900505CAE /* Build configuration list for PBXNativeTarget "ThumbnailListView" */ = {
			isa = XCConfigurationList;
			buildConfigurations = (
				6EA4549E1630A87900505CAE /* Debug */,
				6EA4549F1630A87900505CAE /* Release */,
			);
			defaultConfigurationIsVisible = 0;
			defaultConfigurationName = Release;
		};
/* End XCConfigurationList section */
	};
	rootObject = 6EA4546D1630A87900505CAE /* Project object */;
}
